// !$*UTF8*$!
{
	archiveVersion = 1;
	classes = {
	};
	objectVersion = 46;
	objects = {

/* Begin PBXBuildFile section */
		CF3880F71A6E7EC000838F89 /* main.m in Sources */ = {isa = PBXBuildFile; fileRef = CF3880F61A6E7EC000838F89 /* main.m */; };
		CF3880FA1A6E7EC000838F89 /* AppDelegate.m in Sources */ = {isa = PBXBuildFile; fileRef = CF3880F91A6E7EC000838F89 /* AppDelegate.m */; };
		CF3880FD1A6E7EC000838F89 /* ViewController.m in Sources */ = {isa = PBXBuildFile; fileRef = CF3880FC1A6E7EC000838F89 /* ViewController.m */; };
		CF3881001A6E7EC000838F89 /* Main.storyboard in Resources */ = {isa = PBXBuildFile; fileRef = CF3880FE1A6E7EC000838F89 /* Main.storyboard */; };
		CF3881021A6E7EC000838F89 /* Images.xcassets in Resources */ = {isa = PBXBuildFile; fileRef = CF3881011A6E7EC000838F89 /* Images.xcassets */; };
		CF3881051A6E7EC000838F89 /* LaunchScreen.xib in Resources */ = {isa = PBXBuildFile; fileRef = CF3881031A6E7EC000838F89 /* LaunchScreen.xib */; };
		CF3881111A6E7EC000838F89 /* DemoTests.m in Sources */ = {isa = PBXBuildFile; fileRef = CF3881101A6E7EC000838F89 /* DemoTests.m */; };
		CF3881241A6E7EF400838F89 /* CustomActionSheet.m in Sources */ = {isa = PBXBuildFile; fileRef = CF38811C1A6E7EF400838F89 /* CustomActionSheet.m */; };
		CF3881251A6E7EF400838F89 /* CustomPickerView.m in Sources */ = {isa = PBXBuildFile; fileRef = CF38811E1A6E7EF400838F89 /* CustomPickerView.m */; };
		CF3881261A6E7EF400838F89 /* dropdown.png in Resources */ = {isa = PBXBuildFile; fileRef = CF38811F1A6E7EF400838F89 /* dropdown.png */; };
		CF3881271A6E7EF400838F89 /* DropDownMenu.m in Sources */ = {isa = PBXBuildFile; fileRef = CF3881211A6E7EF400838F89 /* DropDownMenu.m */; };
		CF3881281A6E7EF400838F89 /* DropDownMenuCell.m in Sources */ = {isa = PBXBuildFile; fileRef = CF3881231A6E7EF400838F89 /* DropDownMenuCell.m */; };
/* End PBXBuildFile section */

/* Begin PBXContainerItemProxy section */
		CF38810B1A6E7EC000838F89 /* PBXContainerItemProxy */ = {
			isa = PBXContainerItemProxy;
			containerPortal = CF3880E91A6E7EC000838F89 /* Project object */;
			proxyType = 1;
			remoteGlobalIDString = CF3880F01A6E7EC000838F89;
			remoteInfo = Demo;
		};
/* End PBXContainerItemProxy section */

/* Begin PBXFileReference section */
		CF3880F11A6E7EC000838F89 /* Demo.app */ = {isa = PBXFileReference; explicitFileType = wrapper.application; includeInIndex = 0; path = Demo.app; sourceTree = BUILT_PRODUCTS_DIR; };
		CF3880F51A6E7EC000838F89 /* Info.plist */ = {isa = PBXFileReference; lastKnownFileType = text.plist.xml; path = Info.plist; sourceTree = "<group>"; };
		CF3880F61A6E7EC000838F89 /* main.m */ = {isa = PBXFileReference; lastKnownFileType = sourcecode.c.objc; path = main.m; sourceTree = "<group>"; };
		CF3880F81A6E7EC000838F89 /* AppDelegate.h */ = {isa = PBXFileReference; lastKnownFileType = sourcecode.c.h; path = AppDelegate.h; sourceTree = "<group>"; };
		CF3880F91A6E7EC000838F89 /* AppDelegate.m */ = {isa = PBXFileReference; lastKnownFileType = sourcecode.c.objc; path = AppDelegate.m; sourceTree = "<group>"; };
		CF3880FB1A6E7EC000838F89 /* ViewController.h */ = {isa = PBXFileReference; lastKnownFileType = sourcecode.c.h; path = ViewController.h; sourceTree = "<group>"; };
		CF3880FC1A6E7EC000838F89 /* ViewController.m */ = {isa = PBXFileReference; lastKnownFileType = sourcecode.c.objc; path = ViewController.m; sourceTree = "<group>"; };
		CF3880FF1A6E7EC000838F89 /* Base */ = {isa = PBXFileReference; lastKnownFileType = file.storyboard; name = Base; path = Base.lproj/Main.storyboard; sourceTree = "<group>"; };
		CF3881011A6E7EC000838F89 /* Images.xcassets */ = {isa = PBXFileReference; lastKnownFileType = folder.assetcatalog; path = Images.xcassets; sourceTree = "<group>"; };
		CF3881041A6E7EC000838F89 /* Base */ = {isa = PBXFileReference; lastKnownFileType = file.xib; name = Base; path = Base.lproj/LaunchScreen.xib; sourceTree = "<group>"; };
		CF38810A1A6E7EC000838F89 /* DemoTests.xctest */ = {isa = PBXFileReference; explicitFileType = wrapper.cfbundle; includeInIndex = 0; path = DemoTests.xctest; sourceTree = BUILT_PRODUCTS_DIR; };
		CF38810F1A6E7EC000838F89 /* Info.plist */ = {isa = PBXFileReference; lastKnownFileType = text.plist.xml; path = Info.plist; sourceTree = "<group>"; };
		CF3881101A6E7EC000838F89 /* DemoTests.m */ = {isa = PBXFileReference; lastKnownFileType = sourcecode.c.objc; path = DemoTests.m; sourceTree = "<group>"; };
		CF38811B1A6E7EF400838F89 /* CustomActionSheet.h */ = {isa = PBXFileReference; fileEncoding = 4; lastKnownFileType = sourcecode.c.h; path = CustomActionSheet.h; sourceTree = "<group>"; };
		CF38811C1A6E7EF400838F89 /* CustomActionSheet.m */ = {isa = PBXFileReference; fileEncoding = 4; lastKnownFileType = sourcecode.c.objc; path = CustomActionSheet.m; sourceTree = "<group>"; };
		CF38811D1A6E7EF400838F89 /* CustomPickerView.h */ = {isa = PBXFileReference; fileEncoding = 4; lastKnownFileType = sourcecode.c.h; path = CustomPickerView.h; sourceTree = "<group>"; };
		CF38811E1A6E7EF400838F89 /* CustomPickerView.m */ = {isa = PBXFileReference; fileEncoding = 4; lastKnownFileType = sourcecode.c.objc; path = CustomPickerView.m; sourceTree = "<group>"; };
		CF38811F1A6E7EF400838F89 /* dropdown.png */ = {isa = PBXFileReference; lastKnownFileType = image.png; path = dropdown.png; sourceTree = "<group>"; };
		CF3881201A6E7EF400838F89 /* DropDownMenu.h */ = {isa = PBXFileReference; fileEncoding = 4; lastKnownFileType = sourcecode.c.h; path = DropDownMenu.h; sourceTree = "<group>"; };
		CF3881211A6E7EF400838F89 /* DropDownMenu.m */ = {isa = PBXFileReference; fileEncoding = 4; lastKnownFileType = sourcecode.c.objc; path = DropDownMenu.m; sourceTree = "<group>"; };
		CF3881221A6E7EF400838F89 /* DropDownMenuCell.h */ = {isa = PBXFileReference; fileEncoding = 4; lastKnownFileType = sourcecode.c.h; path = DropDownMenuCell.h; sourceTree = "<group>"; };
		CF3881231A6E7EF400838F89 /* DropDownMenuCell.m */ = {isa = PBXFileReference; fileEncoding = 4; lastKnownFileType = sourcecode.c.objc; path = DropDownMenuCell.m; sourceTree = "<group>"; };
/* End PBXFileReference section */

/* Begin PBXFrameworksBuildPhase section */
		CF3880EE1A6E7EC000838F89 /* Frameworks */ = {
			isa = PBXFrameworksBuildPhase;
			buildActionMask = 2147483647;
			files = (
			);
			runOnlyForDeploymentPostprocessing = 0;
		};
		CF3881071A6E7EC000838F89 /* Frameworks */ = {
			isa = PBXFrameworksBuildPhase;
			buildActionMask = 2147483647;
			files = (
			);
			runOnlyForDeploymentPostprocessing = 0;
		};
/* End PBXFrameworksBuildPhase section */

/* Begin PBXGroup section */
		CF3880E81A6E7EC000838F89 = {
			isa = PBXGroup;
			children = (
				CF3880F31A6E7EC000838F89 /* Demo */,
				CF38810D1A6E7EC000838F89 /* DemoTests */,
				CF3880F21A6E7EC000838F89 /* Products */,
			);
			sourceTree = "<group>";
		};
		CF3880F21A6E7EC000838F89 /* Products */ = {
			isa = PBXGroup;
			children = (
				CF3880F11A6E7EC000838F89 /* Demo.app */,
				CF38810A1A6E7EC000838F89 /* DemoTests.xctest */,
			);
			name = Products;
			sourceTree = "<group>";
		};
		CF3880F31A6E7EC000838F89 /* Demo */ = {
			isa = PBXGroup;
			children = (
				CF3880F81A6E7EC000838F89 /* AppDelegate.h */,
				CF3880F91A6E7EC000838F89 /* AppDelegate.m */,
				CF3880FB1A6E7EC000838F89 /* ViewController.h */,
				CF3880FC1A6E7EC000838F89 /* ViewController.m */,
				CF38811A1A6E7ED400838F89 /* New Group */,
				CF3880FE1A6E7EC000838F89 /* Main.storyboard */,
				CF3881011A6E7EC000838F89 /* Images.xcassets */,
				CF3881031A6E7EC000838F89 /* LaunchScreen.xib */,
				CF3880F41A6E7EC000838F89 /* Supporting Files */,
			);
			path = Demo;
			sourceTree = "<group>";
		};
		CF3880F41A6E7EC000838F89 /* Supporting Files */ = {
			isa = PBXGroup;
			children = (
				CF3880F51A6E7EC000838F89 /* Info.plist */,
				CF3880F61A6E7EC000838F89 /* main.m */,
			);
			name = "Supporting Files";
			sourceTree = "<group>";
		};
		CF38810D1A6E7EC000838F89 /* DemoTests */ = {
			isa = PBXGroup;
			children = (
				CF3881101A6E7EC000838F89 /* DemoTests.m */,
				CF38810E1A6E7EC000838F89 /* Supporting Files */,
			);
			path = DemoTests;
			sourceTree = "<group>";
		};
		CF38810E1A6E7EC000838F89 /* Supporting Files */ = {
			isa = PBXGroup;
			children = (
				CF38810F1A6E7EC000838F89 /* Info.plist */,
			);
			name = "Supporting Files";
			sourceTree = "<group>";
		};
		CF38811A1A6E7ED400838F89 /* New Group */ = {
			isa = PBXGroup;
			children = (
				CF38811B1A6E7EF400838F89 /* CustomActionSheet.h */,
				CF38811C1A6E7EF400838F89 /* CustomActionSheet.m */,
				CF38811D1A6E7EF400838F89 /* CustomPickerView.h */,
				CF38811E1A6E7EF400838F89 /* CustomPickerView.m */,
				CF38811F1A6E7EF400838F89 /* dropdown.png */,
				CF3881201A6E7EF400838F89 /* DropDownMenu.h */,
				CF3881211A6E7EF400838F89 /* DropDownMenu.m */,
				CF3881221A6E7EF400838F89 /* DropDownMenuCell.h */,
				CF3881231A6E7EF400838F89 /* DropDownMenuCell.m */,
			);
			name = "New Group";
			sourceTree = "<group>";
		};
/* End PBXGroup section */

/* Begin PBXNativeTarget section */
		CF3880F01A6E7EC000838F89 /* Demo */ = {
			isa = PBXNativeTarget;
			buildConfigurationList = CF3881141A6E7EC000838F89 /* Build configuration list for PBXNativeTarget "Demo" */;
			buildPhases = (
				CF3880ED1A6E7EC000838F89 /* Sources */,
				CF3880EE1A6E7EC000838F89 /* Frameworks */,
				CF3880EF1A6E7EC000838F89 /* Resources */,
			);
			buildRules = (
			);
			dependencies = (
			);
			name = Demo;
			productName = Demo;
			productReference = CF3880F11A6E7EC000838F89 /* Demo.app */;
			productType = "com.apple.product-type.application";
		};
		CF3881091A6E7EC000838F89 /* DemoTests */ = {
			isa = PBXNativeTarget;
			buildConfigurationList = CF3881171A6E7EC000838F89 /* Build configuration list for PBXNativeTarget "DemoTests" */;
			buildPhases = (
				CF3881061A6E7EC000838F89 /* Sources */,
				CF3881071A6E7EC000838F89 /* Frameworks */,
				CF3881081A6E7EC000838F89 /* Resources */,
			);
			buildRules = (
			);
			dependencies = (
				CF38810C1A6E7EC000838F89 /* PBXTargetDependency */,
			);
			name = DemoTests;
			productName = DemoTests;
			productReference = CF38810A1A6E7EC000838F89 /* DemoTests.xctest */;
			productType = "com.apple.product-type.bundle.unit-test";
		};
/* End PBXNativeTarget section */

/* Begin PBXProject section */
		CF3880E91A6E7EC000838F89 /* Project object */ = {
			isa = PBXProject;
			attributes = {
				LastUpgradeCheck = 0610;
				ORGANIZATIONNAME = Ryan;
				TargetAttributes = {
					CF3880F01A6E7EC000838F89 = {
						CreatedOnToolsVersion = 6.1;
					};
					CF3881091A6E7EC000838F89 = {
						CreatedOnToolsVersion = 6.1;
						TestTargetID = CF3880F01A6E7EC000838F89;
					};
				};
			};
			buildConfigurationList = CF3880EC1A6E7EC000838F89 /* Build configuration list for PBXProject "Demo" */;
			compatibilityVersion = "Xcode 3.2";
			developmentRegion = English;
			hasScannedForEncodings = 0;
			knownRegions = (
				en,
				Base,
			);
			mainGroup = CF3880E81A6E7EC000838F89;
			productRefGroup = CF3880F21A6E7EC000838F89 /* Products */;
			projectDirPath = "";
			projectRoot = "";
			targets = (
				CF3880F01A6E7EC000838F89 /* Demo */,
				CF3881091A6E7EC000838F89 /* DemoTests */,
			);
		};
/* End PBXProject section */

/* Begin PBXResourcesBuildPhase section */
		CF3880EF1A6E7EC000838F89 /* Resources */ = {
			isa = PBXResourcesBuildPhase;
			buildActionMask = 2147483647;
			files = (
				CF3881261A6E7EF400838F89 /* dropdown.png in Resources */,
				CF3881001A6E7EC000838F89 /* Main.storyboard in Resources */,
				CF3881051A6E7EC000838F89 /* LaunchScreen.xib in Resources */,
				CF3881021A6E7EC000838F89 /* Images.xcassets in Resources */,
			);
			runOnlyForDeploymentPostprocessing = 0;
		};
		CF3881081A6E7EC000838F89 /* Resources */ = {
			isa = PBXResourcesBuildPhase;
			buildActionMask = 2147483647;
			files = (
			);
			runOnlyForDeploymentPostprocessing = 0;
		};
/* End PBXResourcesBuildPhase section */

/* Begin PBXSourcesBuildPhase section */
		CF3880ED1A6E7EC000838F89 /* Sources */ = {
			isa = PBXSourcesBuildPhase;
			buildActionMask = 2147483647;
			files = (
				CF3881251A6E7EF400838F89 /* CustomPickerView.m in Sources */,
				CF3881281A6E7EF400838F89 /* DropDownMenuCell.m in Sources */,
				CF3881271A6E7EF400838F89 /* DropDownMenu.m in Sources */,
				CF3881241A6E7EF400838F89 /* CustomActionSheet.m in Sources */,
				CF3880FD1A6E7EC000838F89 /* ViewController.m in Sources */,
				CF3880FA1A6E7EC000838F89 /* AppDelegate.m in Sources */,
				CF3880F71A6E7EC000838F89 /* main.m in Sources */,
			);
			runOnlyForDeploymentPostprocessing = 0;
		};
		CF3881061A6E7EC000838F89 /* Sources */ = {
			isa = PBXSourcesBuildPhase;
			buildActionMask = 2147483647;
			files = (
				CF3881111A6E7EC000838F89 /* DemoTests.m in Sources */,
			);
			runOnlyForDeploymentPostprocessing = 0;
		};
/* End PBXSourcesBuildPhase section */

/* Begin PBXTargetDependency section */
		CF38810C1A6E7EC000838F89 /* PBXTargetDependency */ = {
			isa = PBXTargetDependency;
			target = CF3880F01A6E7EC000838F89 /* Demo */;
			targetProxy = CF38810B1A6E7EC000838F89 /* PBXContainerItemProxy */;
		};
/* End PBXTargetDependency section */

/* Begin PBXVariantGroup section */
		CF3880FE1A6E7EC000838F89 /* Main.storyboard */ = {
			isa = PBXVariantGroup;
			children = (
				CF3880FF1A6E7EC000838F89 /* Base */,
			);
			name = Main.storyboard;
			sourceTree = "<group>";
		};
		CF3881031A6E7EC000838F89 /* LaunchScreen.xib */ = {
			isa = PBXVariantGroup;
			children = (
				CF3881041A6E7EC000838F89 /* Base */,
			);
			name = LaunchScreen.xib;
			sourceTree = "<group>";
		};
/* End PBXVariantGroup section */

/* Begin XCBuildConfiguration section */
		CF3881121A6E7EC000838F89 /* Debug */ = {
			isa = XCBuildConfiguration;
			buildSettings = {
				ALWAYS_SEARCH_USER_PATHS = NO;
				CLANG_CXX_LANGUAGE_STANDARD = "gnu++0x";
				CLANG_CXX_LIBRARY = "libc++";
				CLANG_ENABLE_MODULES = YES;
				CLANG_ENABLE_OBJC_ARC = YES;
				CLANG_WARN_BOOL_CONVERSION = YES;
				CLANG_WARN_CONSTANT_CONVERSION = YES;
				CLANG_WARN_DIRECT_OBJC_ISA_USAGE = YES_ERROR;
				CLANG_WARN_EMPTY_BODY = YES;
				CLANG_WARN_ENUM_CONVERSION = YES;
				CLANG_WARN_INT_CONVERSION = YES;
				CLANG_WARN_OBJC_ROOT_CLASS = YES_ERROR;
				CLANG_WARN_UNREACHABLE_CODE = YES;
				CLANG_WARN__DUPLICATE_METHOD_MATCH = YES;
				"CODE_SIGN_IDENTITY[sdk=iphoneos*]" = "iPhone Developer";
				COPY_PHASE_STRIP = NO;
				ENABLE_STRICT_OBJC_MSGSEND = YES;
				GCC_C_LANGUAGE_STANDARD = gnu99;
				GCC_DYNAMIC_NO_PIC = NO;
				GCC_OPTIMIZATION_LEVEL = 0;
				GCC_PREPROCESSOR_DEFINITIONS = (
					"DEBUG=1",
					"$(inherited)",
				);
				GCC_SYMBOLS_PRIVATE_EXTERN = NO;
				GCC_WARN_64_TO_32_BIT_CONVERSION = YES;
				GCC_WARN_ABOUT_RETURN_TYPE = YES_ERROR;
				GCC_WARN_UNDECLARED_SELECTOR = YES;
				GCC_WARN_UNINITIALIZED_AUTOS = YES_AGGRESSIVE;
				GCC_WARN_UNUSED_FUNCTION = YES;
				GCC_WARN_UNUSED_VARIABLE = YES;
				IPHONEOS_DEPLOYMENT_TARGET = 8.1;
				MTL_ENABLE_DEBUG_INFO = YES;
				ONLY_ACTIVE_ARCH = YES;
				SDKROOT = iphoneos;
			};
			name = Debug;
		};
		CF3881131A6E7EC000838F89 /* Release */ = {
			isa = XCBuildConfiguration;
			buildSettings = {
				ALWAYS_SEARCH_USER_PATHS = NO;
				CLANG_CXX_LANGUAGE_STANDARD = "gnu++0x";
				CLANG_CXX_LIBRARY = "libc++";
				CLANG_ENABLE_MODULES = YES;
				CLANG_ENABLE_OBJC_ARC = YES;
				CLANG_WARN_BOOL_CONVERSION = YES;
				CLANG_WARN_CONSTANT_CONVERSION = YES;
				CLANG_WARN_DIRECT_OBJC_ISA_USAGE = YES_ERROR;
				CLANG_WARN_EMPTY_BODY = YES;
				CLANG_WARN_ENUM_CONVERSION = YES;
				CLANG_WARN_INT_CONVERSION = YES;
				CLANG_WARN_OBJC_ROOT_CLASS = YES_ERROR;
				CLANG_WARN_UNREACHABLE_CODE = YES;
				CLANG_WARN__DUPLICATE_METHOD_MATCH = YES;
				"CODE_SIGN_IDENTITY[sdk=iphoneos*]" = "iPhone Developer";
				COPY_PHASE_STRIP = YES;
				ENABLE_NS_ASSERTIONS = NO;
				ENABLE_STRICT_OBJC_MSGSEND = YES;
				GCC_C_LANGUAGE_STANDARD = gnu99;
				GCC_WARN_64_TO_32_BIT_CONVERSION = YES;
				GCC_WARN_ABOUT_RETURN_TYPE = YES_ERROR;
				GCC_WARN_UNDECLARED_SELECTOR = YES;
				GCC_WARN_UNINITIALIZED_AUTOS = YES_AGGRESSIVE;
				GCC_WARN_UNUSED_FUNCTION = YES;
				GCC_WARN_UNUSED_VARIABLE = YES;
				IPHONEOS_DEPLOYMENT_TARGET = 8.1;
				MTL_ENABLE_DEBUG_INFO = NO;
				SDKROOT = iphoneos;
				VALIDATE_PRODUCT = YES;
			};
			name = Release;
		};
		CF3881151A6E7EC000838F89 /* Debug */ = {
			isa = XCBuildConfiguration;
			buildSettings = {
				ASSETCATALOG_COMPILER_APPICON_NAME = AppIcon;
				INFOPLIST_FILE = Demo/Info.plist;
				LD_RUNPATH_SEARCH_PATHS = "$(inherited) @executable_path/Frameworks";
				PRODUCT_NAME = "$(TARGET_NAME)";
			};
			name = Debug;
		};
		CF3881161A6E7EC000838F89 /* Release */ = {
			isa = XCBuildConfiguration;
			buildSettings = {
				ASSETCATALOG_COMPILER_APPICON_NAME = AppIcon;
				INFOPLIST_FILE = Demo/Info.plist;
				LD_RUNPATH_SEARCH_PATHS = "$(inherited) @executable_path/Frameworks";
				PRODUCT_NAME = "$(TARGET_NAME)";
			};
			name = Release;
		};
		CF3881181A6E7EC000838F89 /* Debug */ = {
			isa = XCBuildConfiguration;
			buildSettings = {
				BUNDLE_LOADER = "$(TEST_HOST)";
				FRAMEWORK_SEARCH_PATHS = (
					"$(SDKROOT)/Developer/Library/Frameworks",
					"$(inherited)",
				);
				GCC_PREPROCESSOR_DEFINITIONS = (
					"DEBUG=1",
					"$(inherited)",
				);
				INFOPLIST_FILE = DemoTests/Info.plist;
				LD_RUNPATH_SEARCH_PATHS = "$(inherited) @executable_path/Frameworks @loader_path/Frameworks";
				PRODUCT_NAME = "$(TARGET_NAME)";
				TEST_HOST = "$(BUILT_PRODUCTS_DIR)/Demo.app/Demo";
			};
			name = Debug;
		};
		CF3881191A6E7EC000838F89 /* Release */ = {
			isa = XCBuildConfiguration;
			buildSettings = {
				BUNDLE_LOADER = "$(TEST_HOST)";
				FRAMEWORK_SEARCH_PATHS = (
					"$(SDKROOT)/Developer/Library/Frameworks",
					"$(inherited)",
				);
				INFOPLIST_FILE = DemoTests/Info.plist;
				LD_RUNPATH_SEARCH_PATHS = "$(inherited) @executable_path/Frameworks @loader_path/Frameworks";
				PRODUCT_NAME = "$(TARGET_NAME)";
				TEST_HOST = "$(BUILT_PRODUCTS_DIR)/Demo.app/Demo";
			};
			name = Release;
		};
/* End XCBuildConfiguration section */

/* Begin XCConfigurationList section */
		CF3880EC1A6E7EC000838F89 /* Build configuration list for PBXProject "Demo" */ = {
			isa = XCConfigurationList;
			buildConfigurations = (
				CF3881121A6E7EC000838F89 /* Debug */,
				CF3881131A6E7EC000838F89 /* Release */,
			);
			defaultConfigurationIsVisible = 0;
			defaultConfigurationName = Release;
		};
		CF3881141A6E7EC000838F89 /* Build configuration list for PBXNativeTarget "Demo" */ = {
			isa = XCConfigurationList;
			buildConfigurations = (
				CF3881151A6E7EC000838F89 /* Debug */,
				CF3881161A6E7EC000838F89 /* Release */,
			);
			defaultConfigurationIsVisible = 0;
		};
		CF3881171A6E7EC000838F89 /* Build configuration list for PBXNativeTarget "DemoTests" */ = {
			isa = XCConfigurationList;
			buildConfigurations = (
				CF3881181A6E7EC000838F89 /* Debug */,
				CF3881191A6E7EC000838F89 /* Release */,
			);
			defaultConfigurationIsVisible = 0;
		};
/* End XCConfigurationList section */
	};
	rootObject = CF3880E91A6E7EC000838F89 /* Project object */;
}
